// !$*UTF8*$!
{
	archiveVersion = 1;
	classes = {
	};
	objectVersion = 56;
	objects = {

/* Begin PBXBuildFile section */
		08621D202C57638600E26998 /* Assets.xcassets in Resources */ = {isa = PBXBuildFile; fileRef = 08621D1F2C57638600E26998 /* Assets.xcassets */; };
		08621D222C5763BA00E26998 /* ContentView.swift in Sources */ = {isa = PBXBuildFile; fileRef = 08621D212C5763BA00E26998 /* ContentView.swift */; };
		08808F5F2C57629300A6A8FA /* SipGuManApp.swift in Sources */ = {isa = PBXBuildFile; fileRef = 08808F5E2C57629300A6A8FA /* SipGuManApp.swift */; };
		088DFC6D2C53346C00469FD1 /* NoiseMeter.swift in Sources */ = {isa = PBXBuildFile; fileRef = 088DFC6C2C53346C00469FD1 /* NoiseMeter.swift */; };
		088DFC6F2C534AA800469FD1 /* GaugeView.swift in Sources */ = {isa = PBXBuildFile; fileRef = 088DFC6E2C534AA800469FD1 /* GaugeView.swift */; };
		088DFC732C534D1A00469FD1 /* Color+.swift in Sources */ = {isa = PBXBuildFile; fileRef = 088DFC722C534D1A00469FD1 /* Color+.swift */; };
		088DFC752C5394BC00469FD1 /* RoundedCorner.swift in Sources */ = {isa = PBXBuildFile; fileRef = 088DFC742C5394BC00469FD1 /* RoundedCorner.swift */; };
		08C737E82C51ED3400FA93A4 /* Preview Assets.xcassets in Resources */ = {isa = PBXBuildFile; fileRef = 08C737E72C51ED3400FA93A4 /* Preview Assets.xcassets */; };
		08C737EF2C51F5D100FA93A4 /* VoicePitchView.swift in Sources */ = {isa = PBXBuildFile; fileRef = 08C737EE2C51F5D100FA93A4 /* VoicePitchView.swift */; };
		08C737F32C51FE0D00FA93A4 /* VoicePitchButton.swift in Sources */ = {isa = PBXBuildFile; fileRef = 08C737F22C51FE0D00FA93A4 /* VoicePitchButton.swift */; };
		1F77AA0C2C52241300402A2E /* FeedbackView.swift in Sources */ = {isa = PBXBuildFile; fileRef = 1F77AA0B2C52241300402A2E /* FeedbackView.swift */; };
		1FBB2ED92C554F7200FD6510 /* Color.swift in Sources */ = {isa = PBXBuildFile; fileRef = 1FBB2ED82C554F7200FD6510 /* Color.swift */; };
/* End PBXBuildFile section */

/* Begin PBXFileReference section */
		08621D1F2C57638600E26998 /* Assets.xcassets */ = {isa = PBXFileReference; lastKnownFileType = folder.assetcatalog; path = Assets.xcassets; sourceTree = "<group>"; };
		08621D212C5763BA00E26998 /* ContentView.swift */ = {isa = PBXFileReference; fileEncoding = 4; lastKnownFileType = sourcecode.swift; path = ContentView.swift; sourceTree = "<group>"; };
		08808F5E2C57629300A6A8FA /* SipGuManApp.swift */ = {isa = PBXFileReference; fileEncoding = 4; lastKnownFileType = sourcecode.swift; path = SipGuManApp.swift; sourceTree = "<group>"; };
		088DFC6C2C53346C00469FD1 /* NoiseMeter.swift */ = {isa = PBXFileReference; lastKnownFileType = sourcecode.swift; path = NoiseMeter.swift; sourceTree = "<group>"; };
		088DFC6E2C534AA800469FD1 /* GaugeView.swift */ = {isa = PBXFileReference; lastKnownFileType = sourcecode.swift; path = GaugeView.swift; sourceTree = "<group>"; };
		088DFC722C534D1A00469FD1 /* Color+.swift */ = {isa = PBXFileReference; lastKnownFileType = sourcecode.swift; path = "Color+.swift"; sourceTree = "<group>"; };
		088DFC742C5394BC00469FD1 /* RoundedCorner.swift */ = {isa = PBXFileReference; lastKnownFileType = sourcecode.swift; path = RoundedCorner.swift; sourceTree = "<group>"; };
		08C737DD2C51ED3000FA93A4 /* SipGuMan.app */ = {isa = PBXFileReference; explicitFileType = wrapper.application; includeInIndex = 0; path = SipGuMan.app; sourceTree = BUILT_PRODUCTS_DIR; };
		08C737E72C51ED3400FA93A4 /* Preview Assets.xcassets */ = {isa = PBXFileReference; lastKnownFileType = folder.assetcatalog; path = "Preview Assets.xcassets"; sourceTree = "<group>"; };
		08C737EE2C51F5D100FA93A4 /* VoicePitchView.swift */ = {isa = PBXFileReference; lastKnownFileType = sourcecode.swift; path = VoicePitchView.swift; sourceTree = "<group>"; };
		08C737F22C51FE0D00FA93A4 /* VoicePitchButton.swift */ = {isa = PBXFileReference; lastKnownFileType = sourcecode.swift; path = VoicePitchButton.swift; sourceTree = "<group>"; };
		1F77AA0B2C52241300402A2E /* FeedbackView.swift */ = {isa = PBXFileReference; lastKnownFileType = sourcecode.swift; path = FeedbackView.swift; sourceTree = "<group>"; };
		1FBB2ED82C554F7200FD6510 /* Color.swift */ = {isa = PBXFileReference; lastKnownFileType = sourcecode.swift; path = Color.swift; sourceTree = "<group>"; };
/* End PBXFileReference section */

/* Begin PBXFrameworksBuildPhase section */
		08C737DA2C51ED3000FA93A4 /* Frameworks */ = {
			isa = PBXFrameworksBuildPhase;
			buildActionMask = 2147483647;
			files = (
			);
			runOnlyForDeploymentPostprocessing = 0;
		};
/* End PBXFrameworksBuildPhase section */

/* Begin PBXGroup section */
		088DFC702C534D0100469FD1 /* Extension */ = {
			isa = PBXGroup;
			children = (
				088DFC722C534D1A00469FD1 /* Color+.swift */,
			);
			path = Extension;
			sourceTree = "<group>";
		};
		088DFC762C575B3D00469FD1 /* Helper */ = {
			isa = PBXGroup;
			children = (
				08C737F22C51FE0D00FA93A4 /* VoicePitchButton.swift */,
				088DFC742C5394BC00469FD1 /* RoundedCorner.swift */,
			);
			path = Helper;
			sourceTree = "<group>";
		};
		088DFC782C575B5600469FD1 /* View */ = {
			isa = PBXGroup;
			children = (
				1F77AA0B2C52241300402A2E /* FeedbackView.swift */,
				08621D212C5763BA00E26998 /* ContentView.swift */,
				08C737EE2C51F5D100FA93A4 /* VoicePitchView.swift */,
				088DFC6E2C534AA800469FD1 /* GaugeView.swift */,
			);
			path = View;
			sourceTree = "<group>";
		};
		088DFC792C575B6C00469FD1 /* Service */ = {
			isa = PBXGroup;
			children = (
				088DFC6C2C53346C00469FD1 /* NoiseMeter.swift */,
			);
			path = Service;
			sourceTree = "<group>";
		};
		088DFC7A2C575B9F00469FD1 /* Application */ = {
			isa = PBXGroup;
			children = (
				08808F5E2C57629300A6A8FA /* SipGuManApp.swift */,
			);
			path = Application;
			sourceTree = "<group>";
		};
		088DFC7B2C575BD200469FD1 /* Resource */ = {
			isa = PBXGroup;
			children = (
				08621D1F2C57638600E26998 /* Assets.xcassets */,
			);
			path = Resource;
			sourceTree = "<group>";
		};
		088DFC7C2C575BDF00469FD1 /* Source */ = {
			isa = PBXGroup;
			children = (
				088DFC702C534D0100469FD1 /* Extension */,
				088DFC762C575B3D00469FD1 /* Helper */,
				088DFC782C575B5600469FD1 /* View */,
				088DFC792C575B6C00469FD1 /* Service */,
				088DFC7A2C575B9F00469FD1 /* Application */,
			);
			path = Source;
			sourceTree = "<group>";
		};
		08C737D42C51ED3000FA93A4 = {
			isa = PBXGroup;
			children = (
				08C737DF2C51ED3000FA93A4 /* SipGuMan */,
				08C737DE2C51ED3000FA93A4 /* Products */,
			);
			sourceTree = "<group>";
		};
		08C737DE2C51ED3000FA93A4 /* Products */ = {
			isa = PBXGroup;
			children = (
				08C737DD2C51ED3000FA93A4 /* SipGuMan.app */,
			);
			name = Products;
			sourceTree = "<group>";
		};
		08C737DF2C51ED3000FA93A4 /* SipGuMan */ = {
			isa = PBXGroup;
			children = (
				1FBB2ED72C554F5400FD6510 /* extension */,
				088DFC7C2C575BDF00469FD1 /* Source */,
				088DFC7B2C575BD200469FD1 /* Resource */,
				08C737E62C51ED3400FA93A4 /* Preview Content */,
			);
			path = SipGuMan;
			sourceTree = "<group>";
		};
		08C737E62C51ED3400FA93A4 /* Preview Content */ = {
			isa = PBXGroup;
			children = (
				08C737E72C51ED3400FA93A4 /* Preview Assets.xcassets */,
			);
			path = "Preview Content";
			sourceTree = "<group>";
		};
		1FBB2ED72C554F5400FD6510 /* extension */ = {
			isa = PBXGroup;
			children = (
				1FBB2ED82C554F7200FD6510 /* Color.swift */,
			);
			path = extension;
			sourceTree = "<group>";
		};
/* End PBXGroup section */

/* Begin PBXNativeTarget section */
		08C737DC2C51ED3000FA93A4 /* SipGuMan */ = {
			isa = PBXNativeTarget;
			buildConfigurationList = 08C737EB2C51ED3400FA93A4 /* Build configuration list for PBXNativeTarget "SipGuMan" */;
			buildPhases = (
				08C737D92C51ED3000FA93A4 /* Sources */,
				08C737DA2C51ED3000FA93A4 /* Frameworks */,
				08C737DB2C51ED3000FA93A4 /* Resources */,
			);
			buildRules = (
			);
			dependencies = (
			);
			name = SipGuMan;
			productName = SipGuMan;
			productReference = 08C737DD2C51ED3000FA93A4 /* SipGuMan.app */;
			productType = "com.apple.product-type.application";
		};
/* End PBXNativeTarget section */

/* Begin PBXProject section */
		08C737D52C51ED3000FA93A4 /* Project object */ = {
			isa = PBXProject;
			attributes = {
				BuildIndependentTargetsInParallel = 1;
				LastSwiftUpdateCheck = 1540;
				LastUpgradeCheck = 1540;
				TargetAttributes = {
					08C737DC2C51ED3000FA93A4 = {
						CreatedOnToolsVersion = 15.4;
					};
				};
			};
			buildConfigurationList = 08C737D82C51ED3000FA93A4 /* Build configuration list for PBXProject "SipGuMan" */;
			compatibilityVersion = "Xcode 14.0";
			developmentRegion = en;
			hasScannedForEncodings = 0;
			knownRegions = (
				en,
				Base,
			);
			mainGroup = 08C737D42C51ED3000FA93A4;
			productRefGroup = 08C737DE2C51ED3000FA93A4 /* Products */;
			projectDirPath = "";
			projectRoot = "";
			targets = (
				08C737DC2C51ED3000FA93A4 /* SipGuMan */,
			);
		};
/* End PBXProject section */

/* Begin PBXResourcesBuildPhase section */
		08C737DB2C51ED3000FA93A4 /* Resources */ = {
			isa = PBXResourcesBuildPhase;
			buildActionMask = 2147483647;
			files = (
				08C737E82C51ED3400FA93A4 /* Preview Assets.xcassets in Resources */,
				08621D202C57638600E26998 /* Assets.xcassets in Resources */,
			);
			runOnlyForDeploymentPostprocessing = 0;
		};
/* End PBXResourcesBuildPhase section */

/* Begin PBXSourcesBuildPhase section */
		08C737D92C51ED3000FA93A4 /* Sources */ = {
			isa = PBXSourcesBuildPhase;
			buildActionMask = 2147483647;
			files = (
				1FBB2ED92C554F7200FD6510 /* Color.swift in Sources */,
				08808F5F2C57629300A6A8FA /* SipGuManApp.swift in Sources */,
				088DFC752C5394BC00469FD1 /* RoundedCorner.swift in Sources */,
				088DFC732C534D1A00469FD1 /* Color+.swift in Sources */,
				08C737EF2C51F5D100FA93A4 /* VoicePitchView.swift in Sources */,
				1F77AA0C2C52241300402A2E /* FeedbackView.swift in Sources */,
				08621D222C5763BA00E26998 /* ContentView.swift in Sources */,
				088DFC6D2C53346C00469FD1 /* NoiseMeter.swift in Sources */,
				088DFC6F2C534AA800469FD1 /* GaugeView.swift in Sources */,
				08C737F32C51FE0D00FA93A4 /* VoicePitchButton.swift in Sources */,
			);
			runOnlyForDeploymentPostprocessing = 0;
		};
/* End PBXSourcesBuildPhase section */

/* Begin XCBuildConfiguration section */
		08C737E92C51ED3400FA93A4 /* Debug */ = {
			isa = XCBuildConfiguration;
			buildSettings = {
				ALWAYS_SEARCH_USER_PATHS = NO;
				ASSETCATALOG_COMPILER_GENERATE_SWIFT_ASSET_SYMBOL_EXTENSIONS = YES;
				CLANG_ANALYZER_NONNULL = YES;
				CLANG_ANALYZER_NUMBER_OBJECT_CONVERSION = YES_AGGRESSIVE;
				CLANG_CXX_LANGUAGE_STANDARD = "gnu++20";
				CLANG_ENABLE_MODULES = YES;
				CLANG_ENABLE_OBJC_ARC = YES;
				CLANG_ENABLE_OBJC_WEAK = YES;
				CLANG_WARN_BLOCK_CAPTURE_AUTORELEASING = YES;
				CLANG_WARN_BOOL_CONVERSION = YES;
				CLANG_WARN_COMMA = YES;
				CLANG_WARN_CONSTANT_CONVERSION = YES;
				CLANG_WARN_DEPRECATED_OBJC_IMPLEMENTATIONS = YES;
				CLANG_WARN_DIRECT_OBJC_ISA_USAGE = YES_ERROR;
				CLANG_WARN_DOCUMENTATION_COMMENTS = YES;
				CLANG_WARN_EMPTY_BODY = YES;
				CLANG_WARN_ENUM_CONVERSION = YES;
				CLANG_WARN_INFINITE_RECURSION = YES;
				CLANG_WARN_INT_CONVERSION = YES;
				CLANG_WARN_NON_LITERAL_NULL_CONVERSION = YES;
				CLANG_WARN_OBJC_IMPLICIT_RETAIN_SELF = YES;
				CLANG_WARN_OBJC_LITERAL_CONVERSION = YES;
				CLANG_WARN_OBJC_ROOT_CLASS = YES_ERROR;
				CLANG_WARN_QUOTED_INCLUDE_IN_FRAMEWORK_HEADER = YES;
				CLANG_WARN_RANGE_LOOP_ANALYSIS = YES;
				CLANG_WARN_STRICT_PROTOTYPES = YES;
				CLANG_WARN_SUSPICIOUS_MOVE = YES;
				CLANG_WARN_UNGUARDED_AVAILABILITY = YES_AGGRESSIVE;
				CLANG_WARN_UNREACHABLE_CODE = YES;
				CLANG_WARN__DUPLICATE_METHOD_MATCH = YES;
				COPY_PHASE_STRIP = NO;
				DEBUG_INFORMATION_FORMAT = dwarf;
				ENABLE_STRICT_OBJC_MSGSEND = YES;
				ENABLE_TESTABILITY = YES;
				ENABLE_USER_SCRIPT_SANDBOXING = YES;
				GCC_C_LANGUAGE_STANDARD = gnu17;
				GCC_DYNAMIC_NO_PIC = NO;
				GCC_NO_COMMON_BLOCKS = YES;
				GCC_OPTIMIZATION_LEVEL = 0;
				GCC_PREPROCESSOR_DEFINITIONS = (
					"DEBUG=1",
					"$(inherited)",
				);
				GCC_WARN_64_TO_32_BIT_CONVERSION = YES;
				GCC_WARN_ABOUT_RETURN_TYPE = YES_ERROR;
				GCC_WARN_UNDECLARED_SELECTOR = YES;
				GCC_WARN_UNINITIALIZED_AUTOS = YES_AGGRESSIVE;
				GCC_WARN_UNUSED_FUNCTION = YES;
				GCC_WARN_UNUSED_VARIABLE = YES;
				IPHONEOS_DEPLOYMENT_TARGET = 17.5;
				LOCALIZATION_PREFERS_STRING_CATALOGS = YES;
				MTL_ENABLE_DEBUG_INFO = INCLUDE_SOURCE;
				MTL_FAST_MATH = YES;
				ONLY_ACTIVE_ARCH = YES;
				SDKROOT = iphoneos;
				SWIFT_ACTIVE_COMPILATION_CONDITIONS = "DEBUG $(inherited)";
				SWIFT_OPTIMIZATION_LEVEL = "-Onone";
			};
			name = Debug;
		};
		08C737EA2C51ED3400FA93A4 /* Release */ = {
			isa = XCBuildConfiguration;
			buildSettings = {
				ALWAYS_SEARCH_USER_PATHS = NO;
				ASSETCATALOG_COMPILER_GENERATE_SWIFT_ASSET_SYMBOL_EXTENSIONS = YES;
				CLANG_ANALYZER_NONNULL = YES;
				CLANG_ANALYZER_NUMBER_OBJECT_CONVERSION = YES_AGGRESSIVE;
				CLANG_CXX_LANGUAGE_STANDARD = "gnu++20";
				CLANG_ENABLE_MODULES = YES;
				CLANG_ENABLE_OBJC_ARC = YES;
				CLANG_ENABLE_OBJC_WEAK = YES;
				CLANG_WARN_BLOCK_CAPTURE_AUTORELEASING = YES;
				CLANG_WARN_BOOL_CONVERSION = YES;
				CLANG_WARN_COMMA = YES;
				CLANG_WARN_CONSTANT_CONVERSION = YES;
				CLANG_WARN_DEPRECATED_OBJC_IMPLEMENTATIONS = YES;
				CLANG_WARN_DIRECT_OBJC_ISA_USAGE = YES_ERROR;
				CLANG_WARN_DOCUMENTATION_COMMENTS = YES;
				CLANG_WARN_EMPTY_BODY = YES;
				CLANG_WARN_ENUM_CONVERSION = YES;
				CLANG_WARN_INFINITE_RECURSION = YES;
				CLANG_WARN_INT_CONVERSION = YES;
				CLANG_WARN_NON_LITERAL_NULL_CONVERSION = YES;
				CLANG_WARN_OBJC_IMPLICIT_RETAIN_SELF = YES;
				CLANG_WARN_OBJC_LITERAL_CONVERSION = YES;
				CLANG_WARN_OBJC_ROOT_CLASS = YES_ERROR;
				CLANG_WARN_QUOTED_INCLUDE_IN_FRAMEWORK_HEADER = YES;
				CLANG_WARN_RANGE_LOOP_ANALYSIS = YES;
				CLANG_WARN_STRICT_PROTOTYPES = YES;
				CLANG_WARN_SUSPICIOUS_MOVE = YES;
				CLANG_WARN_UNGUARDED_AVAILABILITY = YES_AGGRESSIVE;
				CLANG_WARN_UNREACHABLE_CODE = YES;
				CLANG_WARN__DUPLICATE_METHOD_MATCH = YES;
				COPY_PHASE_STRIP = NO;
				DEBUG_INFORMATION_FORMAT = "dwarf-with-dsym";
				ENABLE_NS_ASSERTIONS = NO;
				ENABLE_STRICT_OBJC_MSGSEND = YES;
				ENABLE_USER_SCRIPT_SANDBOXING = YES;
				GCC_C_LANGUAGE_STANDARD = gnu17;
				GCC_NO_COMMON_BLOCKS = YES;
				GCC_WARN_64_TO_32_BIT_CONVERSION = YES;
				GCC_WARN_ABOUT_RETURN_TYPE = YES_ERROR;
				GCC_WARN_UNDECLARED_SELECTOR = YES;
				GCC_WARN_UNINITIALIZED_AUTOS = YES_AGGRESSIVE;
				GCC_WARN_UNUSED_FUNCTION = YES;
				GCC_WARN_UNUSED_VARIABLE = YES;
				IPHONEOS_DEPLOYMENT_TARGET = 17.5;
				LOCALIZATION_PREFERS_STRING_CATALOGS = YES;
				MTL_ENABLE_DEBUG_INFO = NO;
				MTL_FAST_MATH = YES;
				SDKROOT = iphoneos;
				SWIFT_COMPILATION_MODE = wholemodule;
				VALIDATE_PRODUCT = YES;
			};
			name = Release;
		};
		08C737EC2C51ED3400FA93A4 /* Debug */ = {
			isa = XCBuildConfiguration;
			buildSettings = {
				ASSETCATALOG_COMPILER_APPICON_NAME = AppIcon;
				ASSETCATALOG_COMPILER_GLOBAL_ACCENT_COLOR_NAME = AccentColor;
				CODE_SIGN_STYLE = Automatic;
				CURRENT_PROJECT_VERSION = 1;
				DEVELOPMENT_ASSET_PATHS = "\"SipGuMan/Preview Content\"";
				DEVELOPMENT_TEAM = 2Q4V2LFG28;
				ENABLE_PREVIEWS = YES;
				GENERATE_INFOPLIST_FILE = YES;
				INFOPLIST_KEY_NSMicrophoneUsageDescription = "야 너 녹음 설정 허용해라";
				INFOPLIST_KEY_UIApplicationSceneManifest_Generation = YES;
				INFOPLIST_KEY_UIApplicationSupportsIndirectInputEvents = YES;
				INFOPLIST_KEY_UILaunchScreen_Generation = YES;
				INFOPLIST_KEY_UISupportedInterfaceOrientations_iPad = "UIInterfaceOrientationPortrait UIInterfaceOrientationPortraitUpsideDown UIInterfaceOrientationLandscapeLeft UIInterfaceOrientationLandscapeRight";
				INFOPLIST_KEY_UISupportedInterfaceOrientations_iPhone = "UIInterfaceOrientationPortrait UIInterfaceOrientationLandscapeLeft UIInterfaceOrientationLandscapeRight";
				LD_RUNPATH_SEARCH_PATHS = (
					"$(inherited)",
					"@executable_path/Frameworks",
				);
				MARKETING_VERSION = 1.0;
				PRODUCT_BUNDLE_IDENTIFIER = com.xerath.SipGuMan;
				PRODUCT_NAME = "$(TARGET_NAME)";
				SWIFT_EMIT_LOC_STRINGS = YES;
				SWIFT_VERSION = 5.0;
				TARGETED_DEVICE_FAMILY = "1,2";
			};
			name = Debug;
		};
		08C737ED2C51ED3400FA93A4 /* Release */ = {
			isa = XCBuildConfiguration;
			buildSettings = {
				ASSETCATALOG_COMPILER_APPICON_NAME = AppIcon;
				ASSETCATALOG_COMPILER_GLOBAL_ACCENT_COLOR_NAME = AccentColor;
				CODE_SIGN_STYLE = Automatic;
				CURRENT_PROJECT_VERSION = 1;
				DEVELOPMENT_ASSET_PATHS = "\"SipGuMan/Preview Content\"";
				DEVELOPMENT_TEAM = 2Q4V2LFG28;
				ENABLE_PREVIEWS = YES;
				GENERATE_INFOPLIST_FILE = YES;
				INFOPLIST_KEY_NSMicrophoneUsageDescription = "야 너 녹음 설정 허용해라";
				INFOPLIST_KEY_UIApplicationSceneManifest_Generation = YES;
				INFOPLIST_KEY_UIApplicationSupportsIndirectInputEvents = YES;
				INFOPLIST_KEY_UILaunchScreen_Generation = YES;
				INFOPLIST_KEY_UISupportedInterfaceOrientations_iPad = "UIInterfaceOrientationPortrait UIInterfaceOrientationPortraitUpsideDown UIInterfaceOrientationLandscapeLeft UIInterfaceOrientationLandscapeRight";
				INFOPLIST_KEY_UISupportedInterfaceOrientations_iPhone = "UIInterfaceOrientationPortrait UIInterfaceOrientationLandscapeLeft UIInterfaceOrientationLandscapeRight";
				LD_RUNPATH_SEARCH_PATHS = (
					"$(inherited)",
					"@executable_path/Frameworks",
				);
				MARKETING_VERSION = 1.0;
				PRODUCT_BUNDLE_IDENTIFIER = com.xerath.SipGuMan;
				PRODUCT_NAME = "$(TARGET_NAME)";
				SWIFT_EMIT_LOC_STRINGS = YES;
				SWIFT_VERSION = 5.0;
				TARGETED_DEVICE_FAMILY = "1,2";
			};
			name = Release;
		};
/* End XCBuildConfiguration section */

/* Begin XCConfigurationList section */
		08C737D82C51ED3000FA93A4 /* Build configuration list for PBXProject "SipGuMan" */ = {
			isa = XCConfigurationList;
			buildConfigurations = (
				08C737E92C51ED3400FA93A4 /* Debug */,
				08C737EA2C51ED3400FA93A4 /* Release */,
			);
			defaultConfigurationIsVisible = 0;
			defaultConfigurationName = Release;
		};
		08C737EB2C51ED3400FA93A4 /* Build configuration list for PBXNativeTarget "SipGuMan" */ = {
			isa = XCConfigurationList;
			buildConfigurations = (
				08C737EC2C51ED3400FA93A4 /* Debug */,
				08C737ED2C51ED3400FA93A4 /* Release */,
			);
			defaultConfigurationIsVisible = 0;
			defaultConfigurationName = Release;
		};
/* End XCConfigurationList section */
	};
	rootObject = 08C737D52C51ED3000FA93A4 /* Project object */;
}
