{
  "originHash" : "6bc4757e57a8ffb72ed35ca3bbecfd6b493468ae42a7a5889fb32d1d9512a949",
  "pins" : [
    {
      "identity" : "dotlottie-ios",
      "kind" : "remoteSourceControl",
      "location" : "https://github.com/LottieFiles/dotlottie-ios",
      "state" : {
        "branch" : "main",
        "revision" : "8121da545e281c51fa03326af5ca216ac3570ecc"
      }
    }
  ],
  "version" : 3
}
