// !$*UTF8*$!
{
	archiveVersion = 1;
	classes = {
	};
	objectVersion = 56;
	objects = {

/* Begin PBXBuildFile section */
		08332F6F2C62A1EF00F3D57A /* Situation.swift in Sources */ = {isa = PBXBuildFile; fileRef = 08332F6E2C62A1EF00F3D57A /* Situation.swift */; };
		08332F702C62AA4800F3D57A /* Situation.swift in Sources */ = {isa = PBXBuildFile; fileRef = 08332F6E2C62A1EF00F3D57A /* Situation.swift */; };
		08332F732C62B2D100F3D57A /* DotLottie in Frameworks */ = {isa = PBXBuildFile; productRef = 08332F722C62B2D100F3D57A /* DotLottie */; };
		08332F752C62B32600F3D57A /* splashScreen.lottie in Resources */ = {isa = PBXBuildFile; fileRef = 08332F742C62B32600F3D57A /* splashScreen.lottie */; };
		08332F7C2C62B5A700F3D57A /* LottieView.swift in Sources */ = {isa = PBXBuildFile; fileRef = 08332F7B2C62B5A700F3D57A /* LottieView.swift */; };
		08416BF32C6398BF00EABC2A /* Pretendard-Medium.otf in Resources */ = {isa = PBXBuildFile; fileRef = 08416BEA2C6398BE00EABC2A /* Pretendard-Medium.otf */; };
		08416BF42C6398BF00EABC2A /* Pretendard-Medium.otf in Resources */ = {isa = PBXBuildFile; fileRef = 08416BEA2C6398BE00EABC2A /* Pretendard-Medium.otf */; };
		08416BF52C6398BF00EABC2A /* Pretendard-Thin.otf in Resources */ = {isa = PBXBuildFile; fileRef = 08416BEB2C6398BE00EABC2A /* Pretendard-Thin.otf */; };
		08416BF62C6398BF00EABC2A /* Pretendard-Thin.otf in Resources */ = {isa = PBXBuildFile; fileRef = 08416BEB2C6398BE00EABC2A /* Pretendard-Thin.otf */; };
		08416BF72C6398BF00EABC2A /* Pretendard-ExtraLight.otf in Resources */ = {isa = PBXBuildFile; fileRef = 08416BEC2C6398BE00EABC2A /* Pretendard-ExtraLight.otf */; };
		08416BF82C6398BF00EABC2A /* Pretendard-ExtraLight.otf in Resources */ = {isa = PBXBuildFile; fileRef = 08416BEC2C6398BE00EABC2A /* Pretendard-ExtraLight.otf */; };
		08416BF92C6398BF00EABC2A /* Pretendard-Light.otf in Resources */ = {isa = PBXBuildFile; fileRef = 08416BED2C6398BE00EABC2A /* Pretendard-Light.otf */; };
		08416BFA2C6398BF00EABC2A /* Pretendard-Light.otf in Resources */ = {isa = PBXBuildFile; fileRef = 08416BED2C6398BE00EABC2A /* Pretendard-Light.otf */; };
		08416BFB2C6398BF00EABC2A /* Pretendard-Regular.otf in Resources */ = {isa = PBXBuildFile; fileRef = 08416BEE2C6398BE00EABC2A /* Pretendard-Regular.otf */; };
		08416BFC2C6398BF00EABC2A /* Pretendard-Regular.otf in Resources */ = {isa = PBXBuildFile; fileRef = 08416BEE2C6398BE00EABC2A /* Pretendard-Regular.otf */; };
		08416BFD2C6398BF00EABC2A /* Pretendard-ExtraBold.otf in Resources */ = {isa = PBXBuildFile; fileRef = 08416BEF2C6398BF00EABC2A /* Pretendard-ExtraBold.otf */; };
		08416BFE2C6398BF00EABC2A /* Pretendard-ExtraBold.otf in Resources */ = {isa = PBXBuildFile; fileRef = 08416BEF2C6398BF00EABC2A /* Pretendard-ExtraBold.otf */; };
		08416BFF2C6398BF00EABC2A /* Pretendard-SemiBold.otf in Resources */ = {isa = PBXBuildFile; fileRef = 08416BF02C6398BF00EABC2A /* Pretendard-SemiBold.otf */; };
		08416C002C6398BF00EABC2A /* Pretendard-SemiBold.otf in Resources */ = {isa = PBXBuildFile; fileRef = 08416BF02C6398BF00EABC2A /* Pretendard-SemiBold.otf */; };
		08416C012C6398BF00EABC2A /* Pretendard-Bold.otf in Resources */ = {isa = PBXBuildFile; fileRef = 08416BF12C6398BF00EABC2A /* Pretendard-Bold.otf */; };
		08416C022C6398BF00EABC2A /* Pretendard-Bold.otf in Resources */ = {isa = PBXBuildFile; fileRef = 08416BF12C6398BF00EABC2A /* Pretendard-Bold.otf */; };
		08416C032C6398BF00EABC2A /* Pretendard-Black.otf in Resources */ = {isa = PBXBuildFile; fileRef = 08416BF22C6398BF00EABC2A /* Pretendard-Black.otf */; };
		08416C042C6398BF00EABC2A /* Pretendard-Black.otf in Resources */ = {isa = PBXBuildFile; fileRef = 08416BF22C6398BF00EABC2A /* Pretendard-Black.otf */; };
		08416C062C63992400EABC2A /* Font+.swift in Sources */ = {isa = PBXBuildFile; fileRef = 08416C052C63992400EABC2A /* Font+.swift */; };
		08416C072C63992400EABC2A /* Font+.swift in Sources */ = {isa = PBXBuildFile; fileRef = 08416C052C63992400EABC2A /* Font+.swift */; };
		085C3FEC2C639D7C008FBC8A /* Color+.swift in Sources */ = {isa = PBXBuildFile; fileRef = 088DFC722C534D1A00469FD1 /* Color+.swift */; };
		08621D202C57638600E26998 /* Assets.xcassets in Resources */ = {isa = PBXBuildFile; fileRef = 08621D1F2C57638600E26998 /* Assets.xcassets */; };
		08621D222C5763BA00E26998 /* SelectionView.swift in Sources */ = {isa = PBXBuildFile; fileRef = 08621D212C5763BA00E26998 /* SelectionView.swift */; };
		08808F5F2C57629300A6A8FA /* SipGuManApp.swift in Sources */ = {isa = PBXBuildFile; fileRef = 08808F5E2C57629300A6A8FA /* SipGuManApp.swift */; };
		088DFC6D2C53346C00469FD1 /* NoiseMeter.swift in Sources */ = {isa = PBXBuildFile; fileRef = 088DFC6C2C53346C00469FD1 /* NoiseMeter.swift */; };
		088DFC6F2C534AA800469FD1 /* GaugeView.swift in Sources */ = {isa = PBXBuildFile; fileRef = 088DFC6E2C534AA800469FD1 /* GaugeView.swift */; };
		088DFC732C534D1A00469FD1 /* Color+.swift in Sources */ = {isa = PBXBuildFile; fileRef = 088DFC722C534D1A00469FD1 /* Color+.swift */; };
		088DFC752C5394BC00469FD1 /* RoundedCorner.swift in Sources */ = {isa = PBXBuildFile; fileRef = 088DFC742C5394BC00469FD1 /* RoundedCorner.swift */; };
		08C737E82C51ED3400FA93A4 /* Preview Assets.xcassets in Resources */ = {isa = PBXBuildFile; fileRef = 08C737E72C51ED3400FA93A4 /* Preview Assets.xcassets */; };
		08C737EF2C51F5D100FA93A4 /* VoicePitchView.swift in Sources */ = {isa = PBXBuildFile; fileRef = 08C737EE2C51F5D100FA93A4 /* VoicePitchView.swift */; };
		08C737F32C51FE0D00FA93A4 /* VoicePitchButton.swift in Sources */ = {isa = PBXBuildFile; fileRef = 08C737F22C51FE0D00FA93A4 /* VoicePitchButton.swift */; };
		08F4F1D82C5D1A2100F89B2C /* NoiseLevel.swift in Sources */ = {isa = PBXBuildFile; fileRef = 08F4F1D72C5D1A2100F89B2C /* NoiseLevel.swift */; };
		08FE6DE62C5D1AB400A2E52B /* NoiseLevel.swift in Sources */ = {isa = PBXBuildFile; fileRef = 08F4F1D72C5D1A2100F89B2C /* NoiseLevel.swift */; };
		08FE6DE82C5D1C2E00A2E52B /* SelectionRectangle.swift in Sources */ = {isa = PBXBuildFile; fileRef = 08FE6DE72C5D1C2E00A2E52B /* SelectionRectangle.swift */; };
		08FE6DE92C5D1D1E00A2E52B /* SelectionRectangle.swift in Sources */ = {isa = PBXBuildFile; fileRef = 08FE6DE72C5D1C2E00A2E52B /* SelectionRectangle.swift */; };
		1F0B71C02C65BC09006DEECD /* AppOnboardingView.swift in Sources */ = {isa = PBXBuildFile; fileRef = 1F0B71BF2C65BC09006DEECD /* AppOnboardingView.swift */; };
		1F0B71C42C65E49C006DEECD /* OnboardingCommonPageView.swift in Sources */ = {isa = PBXBuildFile; fileRef = 1F0B71C32C65E49C006DEECD /* OnboardingCommonPageView.swift */; };
		1F0B71CA2C65E500006DEECD /* OnboardingLastPageView.swift in Sources */ = {isa = PBXBuildFile; fileRef = 1F0B71C92C65E500006DEECD /* OnboardingLastPageView.swift */; };
		1F44B1252C63D394006B06BC /* InfoSheetView.swift in Sources */ = {isa = PBXBuildFile; fileRef = 1F44B1242C63D394006B06BC /* InfoSheetView.swift */; };
		1F44B1262C63D3C7006B06BC /* InfoSheetView.swift in Sources */ = {isa = PBXBuildFile; fileRef = 1F44B1242C63D394006B06BC /* InfoSheetView.swift */; };
		1F77AA0C2C52241300402A2E /* FeedbackView.swift in Sources */ = {isa = PBXBuildFile; fileRef = 1F77AA0B2C52241300402A2E /* FeedbackView.swift */; };
		1F857FBC2C59E4810043F012 /* NoiseMeter.swift in Sources */ = {isa = PBXBuildFile; fileRef = 088DFC6C2C53346C00469FD1 /* NoiseMeter.swift */; };
		1F92D3002C65FB4500550760 /* AppOnboardingView.swift in Sources */ = {isa = PBXBuildFile; fileRef = 1F0B71BF2C65BC09006DEECD /* AppOnboardingView.swift */; };
		1F92D3012C65FB5400550760 /* OnboardingCommonPageView.swift in Sources */ = {isa = PBXBuildFile; fileRef = 1F0B71C32C65E49C006DEECD /* OnboardingCommonPageView.swift */; };
		1F92D3032C65FB5900550760 /* OnboardingLastPageView.swift in Sources */ = {isa = PBXBuildFile; fileRef = 1F0B71C92C65E500006DEECD /* OnboardingLastPageView.swift */; };
		1FB5A4C02C59E1370029B181 /* SelectionView.swift in Sources */ = {isa = PBXBuildFile; fileRef = 08621D212C5763BA00E26998 /* SelectionView.swift */; };
		1FB5A4C22C59E1580029B181 /* AppIntent.swift in Sources */ = {isa = PBXBuildFile; fileRef = 1FF46DEE2C59DDE700FE3D90 /* AppIntent.swift */; };
		1FB5A4C32C59E1880029B181 /* VoicePitchButton.swift in Sources */ = {isa = PBXBuildFile; fileRef = 08C737F22C51FE0D00FA93A4 /* VoicePitchButton.swift */; };
		1FD39F362C59E526005067DF /* FeedbackView.swift in Sources */ = {isa = PBXBuildFile; fileRef = 1F77AA0B2C52241300402A2E /* FeedbackView.swift */; };
		1FD39F372C59E537005067DF /* Assets.xcassets in Resources */ = {isa = PBXBuildFile; fileRef = 08621D1F2C57638600E26998 /* Assets.xcassets */; };
		1FD39F382C59E53D005067DF /* GaugeView.swift in Sources */ = {isa = PBXBuildFile; fileRef = 088DFC6E2C534AA800469FD1 /* GaugeView.swift */; };
		1FD39F392C59E557005067DF /* RoundedCorner.swift in Sources */ = {isa = PBXBuildFile; fileRef = 088DFC742C5394BC00469FD1 /* RoundedCorner.swift */; };
		1FF46DE42C59DDE700FE3D90 /* WidgetKit.framework in Frameworks */ = {isa = PBXBuildFile; fileRef = 1FF46DE32C59DDE700FE3D90 /* WidgetKit.framework */; };
		1FF46DE62C59DDE700FE3D90 /* SwiftUI.framework in Frameworks */ = {isa = PBXBuildFile; fileRef = 1FF46DE52C59DDE700FE3D90 /* SwiftUI.framework */; };
		1FF46DE92C59DDE700FE3D90 /* DyanmicIslandBundle.swift in Sources */ = {isa = PBXBuildFile; fileRef = 1FF46DE82C59DDE700FE3D90 /* DyanmicIslandBundle.swift */; };
		1FF46DEB2C59DDE700FE3D90 /* DyanmicIslandLiveActivity.swift in Sources */ = {isa = PBXBuildFile; fileRef = 1FF46DEA2C59DDE700FE3D90 /* DyanmicIslandLiveActivity.swift */; };
		1FF46DEF2C59DDE700FE3D90 /* AppIntent.swift in Sources */ = {isa = PBXBuildFile; fileRef = 1FF46DEE2C59DDE700FE3D90 /* AppIntent.swift */; };
		1FF46DF12C59DDE800FE3D90 /* Assets.xcassets in Resources */ = {isa = PBXBuildFile; fileRef = 1FF46DF02C59DDE800FE3D90 /* Assets.xcassets */; };
		1FF46DF52C59DDE800FE3D90 /* DyanmicIslandExtension.appex in Embed Foundation Extensions */ = {isa = PBXBuildFile; fileRef = 1FF46DE12C59DDE700FE3D90 /* DyanmicIslandExtension.appex */; settings = {ATTRIBUTES = (RemoveHeadersOnCopy, ); }; };
		1FF46DFA2C59DE1300FE3D90 /* DyanmicIslandLiveActivity.swift in Sources */ = {isa = PBXBuildFile; fileRef = 1FF46DEA2C59DDE700FE3D90 /* DyanmicIslandLiveActivity.swift */; };
		1FF46DFC2C59DE7100FE3D90 /* VoicePitchView.swift in Sources */ = {isa = PBXBuildFile; fileRef = 08C737EE2C51F5D100FA93A4 /* VoicePitchView.swift */; };
/* End PBXBuildFile section */

/* Begin PBXContainerItemProxy section */
		1FF46DF32C59DDE800FE3D90 /* PBXContainerItemProxy */ = {
			isa = PBXContainerItemProxy;
			containerPortal = 08C737D52C51ED3000FA93A4 /* Project object */;
			proxyType = 1;
			remoteGlobalIDString = 1FF46DE02C59DDE700FE3D90;
			remoteInfo = DyanmicIslandExtension;
		};
/* End PBXContainerItemProxy section */

/* Begin PBXCopyFilesBuildPhase section */
		1FF46DF62C59DDE800FE3D90 /* Embed Foundation Extensions */ = {
			isa = PBXCopyFilesBuildPhase;
			buildActionMask = 2147483647;
			dstPath = "";
			dstSubfolderSpec = 13;
			files = (
				1FF46DF52C59DDE800FE3D90 /* DyanmicIslandExtension.appex in Embed Foundation Extensions */,
			);
			name = "Embed Foundation Extensions";
			runOnlyForDeploymentPostprocessing = 0;
		};
/* End PBXCopyFilesBuildPhase section */

/* Begin PBXFileReference section */
		08332F6E2C62A1EF00F3D57A /* Situation.swift */ = {isa = PBXFileReference; lastKnownFileType = sourcecode.swift; path = Situation.swift; sourceTree = "<group>"; };
		08332F742C62B32600F3D57A /* splashScreen.lottie */ = {isa = PBXFileReference; lastKnownFileType = file; path = splashScreen.lottie; sourceTree = "<group>"; };
		08332F7B2C62B5A700F3D57A /* LottieView.swift */ = {isa = PBXFileReference; lastKnownFileType = sourcecode.swift; path = LottieView.swift; sourceTree = "<group>"; };
		08416BEA2C6398BE00EABC2A /* Pretendard-Medium.otf */ = {isa = PBXFileReference; lastKnownFileType = file; path = "Pretendard-Medium.otf"; sourceTree = "<group>"; };
		08416BEB2C6398BE00EABC2A /* Pretendard-Thin.otf */ = {isa = PBXFileReference; lastKnownFileType = file; path = "Pretendard-Thin.otf"; sourceTree = "<group>"; };
		08416BEC2C6398BE00EABC2A /* Pretendard-ExtraLight.otf */ = {isa = PBXFileReference; lastKnownFileType = file; path = "Pretendard-ExtraLight.otf"; sourceTree = "<group>"; };
		08416BED2C6398BE00EABC2A /* Pretendard-Light.otf */ = {isa = PBXFileReference; lastKnownFileType = file; path = "Pretendard-Light.otf"; sourceTree = "<group>"; };
		08416BEE2C6398BE00EABC2A /* Pretendard-Regular.otf */ = {isa = PBXFileReference; lastKnownFileType = file; path = "Pretendard-Regular.otf"; sourceTree = "<group>"; };
		08416BEF2C6398BF00EABC2A /* Pretendard-ExtraBold.otf */ = {isa = PBXFileReference; lastKnownFileType = file; path = "Pretendard-ExtraBold.otf"; sourceTree = "<group>"; };
		08416BF02C6398BF00EABC2A /* Pretendard-SemiBold.otf */ = {isa = PBXFileReference; lastKnownFileType = file; path = "Pretendard-SemiBold.otf"; sourceTree = "<group>"; };
		08416BF12C6398BF00EABC2A /* Pretendard-Bold.otf */ = {isa = PBXFileReference; lastKnownFileType = file; path = "Pretendard-Bold.otf"; sourceTree = "<group>"; };
		08416BF22C6398BF00EABC2A /* Pretendard-Black.otf */ = {isa = PBXFileReference; lastKnownFileType = file; path = "Pretendard-Black.otf"; sourceTree = "<group>"; };
		08416C052C63992400EABC2A /* Font+.swift */ = {isa = PBXFileReference; lastKnownFileType = sourcecode.swift; path = "Font+.swift"; sourceTree = "<group>"; };
		08621D1F2C57638600E26998 /* Assets.xcassets */ = {isa = PBXFileReference; lastKnownFileType = folder.assetcatalog; path = Assets.xcassets; sourceTree = "<group>"; };
		08621D212C5763BA00E26998 /* SelectionView.swift */ = {isa = PBXFileReference; fileEncoding = 4; lastKnownFileType = sourcecode.swift; path = SelectionView.swift; sourceTree = "<group>"; };
		08808F5E2C57629300A6A8FA /* SipGuManApp.swift */ = {isa = PBXFileReference; fileEncoding = 4; lastKnownFileType = sourcecode.swift; path = SipGuManApp.swift; sourceTree = "<group>"; };
		088DFC6C2C53346C00469FD1 /* NoiseMeter.swift */ = {isa = PBXFileReference; lastKnownFileType = sourcecode.swift; path = NoiseMeter.swift; sourceTree = "<group>"; };
		088DFC6E2C534AA800469FD1 /* GaugeView.swift */ = {isa = PBXFileReference; lastKnownFileType = sourcecode.swift; path = GaugeView.swift; sourceTree = "<group>"; };
		088DFC722C534D1A00469FD1 /* Color+.swift */ = {isa = PBXFileReference; lastKnownFileType = sourcecode.swift; path = "Color+.swift"; sourceTree = "<group>"; };
		088DFC742C5394BC00469FD1 /* RoundedCorner.swift */ = {isa = PBXFileReference; lastKnownFileType = sourcecode.swift; path = RoundedCorner.swift; sourceTree = "<group>"; };
		08C737DD2C51ED3000FA93A4 /* Alright.app */ = {isa = PBXFileReference; explicitFileType = wrapper.application; includeInIndex = 0; path = Alright.app; sourceTree = BUILT_PRODUCTS_DIR; };
		08C737E72C51ED3400FA93A4 /* Preview Assets.xcassets */ = {isa = PBXFileReference; lastKnownFileType = folder.assetcatalog; path = "Preview Assets.xcassets"; sourceTree = "<group>"; };
		08C737EE2C51F5D100FA93A4 /* VoicePitchView.swift */ = {isa = PBXFileReference; lastKnownFileType = sourcecode.swift; path = VoicePitchView.swift; sourceTree = "<group>"; };
		08C737F22C51FE0D00FA93A4 /* VoicePitchButton.swift */ = {isa = PBXFileReference; lastKnownFileType = sourcecode.swift; path = VoicePitchButton.swift; sourceTree = "<group>"; };
		08F4F1D72C5D1A2100F89B2C /* NoiseLevel.swift */ = {isa = PBXFileReference; lastKnownFileType = sourcecode.swift; path = NoiseLevel.swift; sourceTree = "<group>"; };
		08FE6DE72C5D1C2E00A2E52B /* SelectionRectangle.swift */ = {isa = PBXFileReference; lastKnownFileType = sourcecode.swift; path = SelectionRectangle.swift; sourceTree = "<group>"; };
		1D9231C22C57ED0C00819BC7 /* Info.plist */ = {isa = PBXFileReference; lastKnownFileType = text.plist; path = Info.plist; sourceTree = "<group>"; };
		1F0B71BF2C65BC09006DEECD /* AppOnboardingView.swift */ = {isa = PBXFileReference; lastKnownFileType = sourcecode.swift; path = AppOnboardingView.swift; sourceTree = "<group>"; };
		1F0B71C32C65E49C006DEECD /* OnboardingCommonPageView.swift */ = {isa = PBXFileReference; lastKnownFileType = sourcecode.swift; path = OnboardingCommonPageView.swift; sourceTree = "<group>"; };
		1F0B71C92C65E500006DEECD /* OnboardingLastPageView.swift */ = {isa = PBXFileReference; lastKnownFileType = sourcecode.swift; path = OnboardingLastPageView.swift; sourceTree = "<group>"; };
		1F44B1242C63D394006B06BC /* InfoSheetView.swift */ = {isa = PBXFileReference; lastKnownFileType = sourcecode.swift; path = InfoSheetView.swift; sourceTree = "<group>"; };
		1F77AA0B2C52241300402A2E /* FeedbackView.swift */ = {isa = PBXFileReference; lastKnownFileType = sourcecode.swift; path = FeedbackView.swift; sourceTree = "<group>"; };
		1FF46DE12C59DDE700FE3D90 /* DyanmicIslandExtension.appex */ = {isa = PBXFileReference; explicitFileType = "wrapper.app-extension"; includeInIndex = 0; path = DyanmicIslandExtension.appex; sourceTree = BUILT_PRODUCTS_DIR; };
		1FF46DE32C59DDE700FE3D90 /* WidgetKit.framework */ = {isa = PBXFileReference; lastKnownFileType = wrapper.framework; name = WidgetKit.framework; path = System/Library/Frameworks/WidgetKit.framework; sourceTree = SDKROOT; };
		1FF46DE52C59DDE700FE3D90 /* SwiftUI.framework */ = {isa = PBXFileReference; lastKnownFileType = wrapper.framework; name = SwiftUI.framework; path = System/Library/Frameworks/SwiftUI.framework; sourceTree = SDKROOT; };
		1FF46DE82C59DDE700FE3D90 /* DyanmicIslandBundle.swift */ = {isa = PBXFileReference; lastKnownFileType = sourcecode.swift; path = DyanmicIslandBundle.swift; sourceTree = "<group>"; };
		1FF46DEA2C59DDE700FE3D90 /* DyanmicIslandLiveActivity.swift */ = {isa = PBXFileReference; lastKnownFileType = sourcecode.swift; path = DyanmicIslandLiveActivity.swift; sourceTree = "<group>"; };
		1FF46DEE2C59DDE700FE3D90 /* AppIntent.swift */ = {isa = PBXFileReference; lastKnownFileType = sourcecode.swift; path = AppIntent.swift; sourceTree = "<group>"; };
		1FF46DF02C59DDE800FE3D90 /* Assets.xcassets */ = {isa = PBXFileReference; lastKnownFileType = folder.assetcatalog; path = Assets.xcassets; sourceTree = "<group>"; };
		1FF46DF22C59DDE800FE3D90 /* Info.plist */ = {isa = PBXFileReference; lastKnownFileType = text.plist.xml; path = Info.plist; sourceTree = "<group>"; };
/* End PBXFileReference section */

/* Begin PBXFrameworksBuildPhase section */
		08C737DA2C51ED3000FA93A4 /* Frameworks */ = {
			isa = PBXFrameworksBuildPhase;
			buildActionMask = 2147483647;
			files = (
				08332F732C62B2D100F3D57A /* DotLottie in Frameworks */,
			);
			runOnlyForDeploymentPostprocessing = 0;
		};
		1FF46DDE2C59DDE700FE3D90 /* Frameworks */ = {
			isa = PBXFrameworksBuildPhase;
			buildActionMask = 2147483647;
			files = (
				1FF46DE62C59DDE700FE3D90 /* SwiftUI.framework in Frameworks */,
				1FF46DE42C59DDE700FE3D90 /* WidgetKit.framework in Frameworks */,
			);
			runOnlyForDeploymentPostprocessing = 0;
		};
/* End PBXFrameworksBuildPhase section */

/* Begin PBXGroup section */
		08332F762C62B4AD00F3D57A /* Selection */ = {
			isa = PBXGroup;
			children = (
				08621D212C5763BA00E26998 /* SelectionView.swift */,
			);
			path = Selection;
			sourceTree = "<group>";
		};
		08332F772C62B4B200F3D57A /* Feedback */ = {
			isa = PBXGroup;
			children = (
				1F77AA0B2C52241300402A2E /* FeedbackView.swift */,
				1F44B1242C63D394006B06BC /* InfoSheetView.swift */,
				08C737EE2C51F5D100FA93A4 /* VoicePitchView.swift */,
				088DFC6E2C534AA800469FD1 /* GaugeView.swift */,
				08FE6DE72C5D1C2E00A2E52B /* SelectionRectangle.swift */,
			);
			path = Feedback;
			sourceTree = "<group>";
		};
		08332F782C62B4BF00F3D57A /* Splash */ = {
			isa = PBXGroup;
			children = (
				08332F7B2C62B5A700F3D57A /* LottieView.swift */,
			);
			path = Splash;
			sourceTree = "<group>";
		};
		08416BE92C6398AD00EABC2A /* Font */ = {
			isa = PBXGroup;
			children = (
				08416BF22C6398BF00EABC2A /* Pretendard-Black.otf */,
				08416BF12C6398BF00EABC2A /* Pretendard-Bold.otf */,
				08416BEF2C6398BF00EABC2A /* Pretendard-ExtraBold.otf */,
				08416BEC2C6398BE00EABC2A /* Pretendard-ExtraLight.otf */,
				08416BED2C6398BE00EABC2A /* Pretendard-Light.otf */,
				08416BEA2C6398BE00EABC2A /* Pretendard-Medium.otf */,
				08416BEE2C6398BE00EABC2A /* Pretendard-Regular.otf */,
				08416BF02C6398BF00EABC2A /* Pretendard-SemiBold.otf */,
				08416BEB2C6398BE00EABC2A /* Pretendard-Thin.otf */,
			);
			path = Font;
			sourceTree = "<group>";
		};
		088DFC702C534D0100469FD1 /* Extension */ = {
			isa = PBXGroup;
			children = (
				088DFC722C534D1A00469FD1 /* Color+.swift */,
				08416C052C63992400EABC2A /* Font+.swift */,
			);
			path = Extension;
			sourceTree = "<group>";
		};
		088DFC762C575B3D00469FD1 /* Helper */ = {
			isa = PBXGroup;
			children = (
				08C737F22C51FE0D00FA93A4 /* VoicePitchButton.swift */,
				088DFC742C5394BC00469FD1 /* RoundedCorner.swift */,
			);
			path = Helper;
			sourceTree = "<group>";
		};
		088DFC782C575B5600469FD1 /* View */ = {
			isa = PBXGroup;
			children = (
				1F0B71BE2C65BBEA006DEECD /* Onboarding */,
				08332F782C62B4BF00F3D57A /* Splash */,
				08332F772C62B4B200F3D57A /* Feedback */,
				08332F762C62B4AD00F3D57A /* Selection */,
			);
			path = View;
			sourceTree = "<group>";
		};
		088DFC792C575B6C00469FD1 /* Service */ = {
			isa = PBXGroup;
			children = (
				088DFC6C2C53346C00469FD1 /* NoiseMeter.swift */,
			);
			path = Service;
			sourceTree = "<group>";
		};
		088DFC7A2C575B9F00469FD1 /* Application */ = {
			isa = PBXGroup;
			children = (
				08808F5E2C57629300A6A8FA /* SipGuManApp.swift */,
			);
			path = Application;
			sourceTree = "<group>";
		};
		088DFC7B2C575BD200469FD1 /* Resource */ = {
			isa = PBXGroup;
			children = (
				08416BE92C6398AD00EABC2A /* Font */,
				08332F742C62B32600F3D57A /* splashScreen.lottie */,
				08621D1F2C57638600E26998 /* Assets.xcassets */,
			);
			path = Resource;
			sourceTree = "<group>";
		};
		088DFC7C2C575BDF00469FD1 /* Source */ = {
			isa = PBXGroup;
			children = (
				08F4F1D62C5D1A1800F89B2C /* Model */,
				088DFC702C534D0100469FD1 /* Extension */,
				088DFC762C575B3D00469FD1 /* Helper */,
				088DFC782C575B5600469FD1 /* View */,
				088DFC792C575B6C00469FD1 /* Service */,
				088DFC7A2C575B9F00469FD1 /* Application */,
			);
			path = Source;
			sourceTree = "<group>";
		};
		08C737D42C51ED3000FA93A4 = {
			isa = PBXGroup;
			children = (
				08C737DF2C51ED3000FA93A4 /* Alright */,
				1FF46DE72C59DDE700FE3D90 /* DyanmicIsland */,
				1FF46DE22C59DDE700FE3D90 /* Frameworks */,
				08C737DE2C51ED3000FA93A4 /* Products */,
			);
			sourceTree = "<group>";
		};
		08C737DE2C51ED3000FA93A4 /* Products */ = {
			isa = PBXGroup;
			children = (
				08C737DD2C51ED3000FA93A4 /* Alright.app */,
				1FF46DE12C59DDE700FE3D90 /* DyanmicIslandExtension.appex */,
			);
			name = Products;
			sourceTree = "<group>";
		};
		08C737DF2C51ED3000FA93A4 /* Alright */ = {
			isa = PBXGroup;
			children = (
				1D9231C22C57ED0C00819BC7 /* Info.plist */,
				088DFC7C2C575BDF00469FD1 /* Source */,
				088DFC7B2C575BD200469FD1 /* Resource */,
				08C737E62C51ED3400FA93A4 /* Preview Content */,
			);
			path = Alright;
			sourceTree = "<group>";
		};
		08C737E62C51ED3400FA93A4 /* Preview Content */ = {
			isa = PBXGroup;
			children = (
				08C737E72C51ED3400FA93A4 /* Preview Assets.xcassets */,
			);
			path = "Preview Content";
			sourceTree = "<group>";
		};
		08F4F1D62C5D1A1800F89B2C /* Model */ = {
			isa = PBXGroup;
			children = (
				08F4F1D72C5D1A2100F89B2C /* NoiseLevel.swift */,
				08332F6E2C62A1EF00F3D57A /* Situation.swift */,
			);
			path = Model;
			sourceTree = "<group>";
		};
		1F0B71BE2C65BBEA006DEECD /* Onboarding */ = {
			isa = PBXGroup;
			children = (
				1F0B71BF2C65BC09006DEECD /* AppOnboardingView.swift */,
				1F0B71C32C65E49C006DEECD /* OnboardingCommonPageView.swift */,
				1F0B71C92C65E500006DEECD /* OnboardingLastPageView.swift */,
			);
			path = Onboarding;
			sourceTree = "<group>";
		};
		1FF46DE22C59DDE700FE3D90 /* Frameworks */ = {
			isa = PBXGroup;
			children = (
				1FF46DE32C59DDE700FE3D90 /* WidgetKit.framework */,
				1FF46DE52C59DDE700FE3D90 /* SwiftUI.framework */,
			);
			name = Frameworks;
			sourceTree = "<group>";
		};
		1FF46DE72C59DDE700FE3D90 /* DyanmicIsland */ = {
			isa = PBXGroup;
			children = (
				1FF46DE82C59DDE700FE3D90 /* DyanmicIslandBundle.swift */,
				1FF46DEA2C59DDE700FE3D90 /* DyanmicIslandLiveActivity.swift */,
				1FF46DEE2C59DDE700FE3D90 /* AppIntent.swift */,
				1FF46DF02C59DDE800FE3D90 /* Assets.xcassets */,
				1FF46DF22C59DDE800FE3D90 /* Info.plist */,
			);
			path = DyanmicIsland;
			sourceTree = "<group>";
		};
/* End PBXGroup section */

/* Begin PBXNativeTarget section */
		08C737DC2C51ED3000FA93A4 /* Alright */ = {
			isa = PBXNativeTarget;
			buildConfigurationList = 08C737EB2C51ED3400FA93A4 /* Build configuration list for PBXNativeTarget "Alright" */;
			buildPhases = (
				08C737D92C51ED3000FA93A4 /* Sources */,
				08C737DA2C51ED3000FA93A4 /* Frameworks */,
				08C737DB2C51ED3000FA93A4 /* Resources */,
				1FF46DF62C59DDE800FE3D90 /* Embed Foundation Extensions */,
			);
			buildRules = (
			);
			dependencies = (
				1FF46DF42C59DDE800FE3D90 /* PBXTargetDependency */,
			);
			name = Alright;
			packageProductDependencies = (
				08332F722C62B2D100F3D57A /* DotLottie */,
			);
			productName = SipGuMan;
			productReference = 08C737DD2C51ED3000FA93A4 /* Alright.app */;
			productType = "com.apple.product-type.application";
		};
		1FF46DE02C59DDE700FE3D90 /* DyanmicIslandExtension */ = {
			isa = PBXNativeTarget;
			buildConfigurationList = 1FF46DF92C59DDE800FE3D90 /* Build configuration list for PBXNativeTarget "DyanmicIslandExtension" */;
			buildPhases = (
				1FF46DDD2C59DDE700FE3D90 /* Sources */,
				1FF46DDE2C59DDE700FE3D90 /* Frameworks */,
				1FF46DDF2C59DDE700FE3D90 /* Resources */,
			);
			buildRules = (
			);
			dependencies = (
			);
			name = DyanmicIslandExtension;
			productName = DyanmicIslandExtension;
			productReference = 1FF46DE12C59DDE700FE3D90 /* DyanmicIslandExtension.appex */;
			productType = "com.apple.product-type.app-extension";
		};
/* End PBXNativeTarget section */

/* Begin PBXProject section */
		08C737D52C51ED3000FA93A4 /* Project object */ = {
			isa = PBXProject;
			attributes = {
				BuildIndependentTargetsInParallel = 1;
				LastSwiftUpdateCheck = 1540;
				LastUpgradeCheck = 1600;
				TargetAttributes = {
					08C737DC2C51ED3000FA93A4 = {
						CreatedOnToolsVersion = 15.4;
					};
					1FF46DE02C59DDE700FE3D90 = {
						CreatedOnToolsVersion = 15.4;
					};
				};
			};
			buildConfigurationList = 08C737D82C51ED3000FA93A4 /* Build configuration list for PBXProject "Alright" */;
			compatibilityVersion = "Xcode 14.0";
			developmentRegion = en;
			hasScannedForEncodings = 0;
			knownRegions = (
				en,
				Base,
			);
			mainGroup = 08C737D42C51ED3000FA93A4;
			packageReferences = (
				08332F712C62B25A00F3D57A /* XCRemoteSwiftPackageReference "dotlottie-ios" */,
			);
			productRefGroup = 08C737DE2C51ED3000FA93A4 /* Products */;
			projectDirPath = "";
			projectRoot = "";
			targets = (
				08C737DC2C51ED3000FA93A4 /* Alright */,
				1FF46DE02C59DDE700FE3D90 /* DyanmicIslandExtension */,
			);
		};
/* End PBXProject section */

/* Begin PBXResourcesBuildPhase section */
		08C737DB2C51ED3000FA93A4 /* Resources */ = {
			isa = PBXResourcesBuildPhase;
			buildActionMask = 2147483647;
			files = (
				08416C012C6398BF00EABC2A /* Pretendard-Bold.otf in Resources */,
				08416BF72C6398BF00EABC2A /* Pretendard-ExtraLight.otf in Resources */,
				08C737E82C51ED3400FA93A4 /* Preview Assets.xcassets in Resources */,
				08416BFD2C6398BF00EABC2A /* Pretendard-ExtraBold.otf in Resources */,
				08416BF52C6398BF00EABC2A /* Pretendard-Thin.otf in Resources */,
				08621D202C57638600E26998 /* Assets.xcassets in Resources */,
				08416BF92C6398BF00EABC2A /* Pretendard-Light.otf in Resources */,
				08416BFB2C6398BF00EABC2A /* Pretendard-Regular.otf in Resources */,
				08416BFF2C6398BF00EABC2A /* Pretendard-SemiBold.otf in Resources */,
				08332F752C62B32600F3D57A /* splashScreen.lottie in Resources */,
				08416C032C6398BF00EABC2A /* Pretendard-Black.otf in Resources */,
				08416BF32C6398BF00EABC2A /* Pretendard-Medium.otf in Resources */,
			);
			runOnlyForDeploymentPostprocessing = 0;
		};
		1FF46DDF2C59DDE700FE3D90 /* Resources */ = {
			isa = PBXResourcesBuildPhase;
			buildActionMask = 2147483647;
			files = (
				1FD39F372C59E537005067DF /* Assets.xcassets in Resources */,
				08416C022C6398BF00EABC2A /* Pretendard-Bold.otf in Resources */,
				1FF46DF12C59DDE800FE3D90 /* Assets.xcassets in Resources */,
				08416BFE2C6398BF00EABC2A /* Pretendard-ExtraBold.otf in Resources */,
				08416BF82C6398BF00EABC2A /* Pretendard-ExtraLight.otf in Resources */,
				08416BF42C6398BF00EABC2A /* Pretendard-Medium.otf in Resources */,
				08416C042C6398BF00EABC2A /* Pretendard-Black.otf in Resources */,
				08416BFC2C6398BF00EABC2A /* Pretendard-Regular.otf in Resources */,
				08416C002C6398BF00EABC2A /* Pretendard-SemiBold.otf in Resources */,
				08416BF62C6398BF00EABC2A /* Pretendard-Thin.otf in Resources */,
				08416BFA2C6398BF00EABC2A /* Pretendard-Light.otf in Resources */,
			);
			runOnlyForDeploymentPostprocessing = 0;
		};
/* End PBXResourcesBuildPhase section */

/* Begin PBXSourcesBuildPhase section */
		08C737D92C51ED3000FA93A4 /* Sources */ = {
			isa = PBXSourcesBuildPhase;
			buildActionMask = 2147483647;
			files = (
				08808F5F2C57629300A6A8FA /* SipGuManApp.swift in Sources */,
				1F0B71C02C65BC09006DEECD /* AppOnboardingView.swift in Sources */,
				1FF46DFA2C59DE1300FE3D90 /* DyanmicIslandLiveActivity.swift in Sources */,
				08332F7C2C62B5A700F3D57A /* LottieView.swift in Sources */,
				088DFC752C5394BC00469FD1 /* RoundedCorner.swift in Sources */,
				088DFC732C534D1A00469FD1 /* Color+.swift in Sources */,
				08C737EF2C51F5D100FA93A4 /* VoicePitchView.swift in Sources */,
				08FE6DE82C5D1C2E00A2E52B /* SelectionRectangle.swift in Sources */,
				1F77AA0C2C52241300402A2E /* FeedbackView.swift in Sources */,
				08416C062C63992400EABC2A /* Font+.swift in Sources */,
				1FB5A4C22C59E1580029B181 /* AppIntent.swift in Sources */,
				1F0B71CA2C65E500006DEECD /* OnboardingLastPageView.swift in Sources */,
				08F4F1D82C5D1A2100F89B2C /* NoiseLevel.swift in Sources */,
				08621D222C5763BA00E26998 /* SelectionView.swift in Sources */,
				1F44B1252C63D394006B06BC /* InfoSheetView.swift in Sources */,
				08332F6F2C62A1EF00F3D57A /* Situation.swift in Sources */,
				088DFC6D2C53346C00469FD1 /* NoiseMeter.swift in Sources */,
				088DFC6F2C534AA800469FD1 /* GaugeView.swift in Sources */,
				08C737F32C51FE0D00FA93A4 /* VoicePitchButton.swift in Sources */,
				1F0B71C42C65E49C006DEECD /* OnboardingCommonPageView.swift in Sources */,
			);
			runOnlyForDeploymentPostprocessing = 0;
		};
		1FF46DDD2C59DDE700FE3D90 /* Sources */ = {
			isa = PBXSourcesBuildPhase;
			buildActionMask = 2147483647;
			files = (
				1FD39F392C59E557005067DF /* RoundedCorner.swift in Sources */,
				085C3FEC2C639D7C008FBC8A /* Color+.swift in Sources */,
				08FE6DE62C5D1AB400A2E52B /* NoiseLevel.swift in Sources */,
				1FD39F362C59E526005067DF /* FeedbackView.swift in Sources */,
				08332F702C62AA4800F3D57A /* Situation.swift in Sources */,
				1FB5A4C02C59E1370029B181 /* SelectionView.swift in Sources */,
				1FB5A4C32C59E1880029B181 /* VoicePitchButton.swift in Sources */,
				1FF46DFC2C59DE7100FE3D90 /* VoicePitchView.swift in Sources */,
				1FF46DEF2C59DDE700FE3D90 /* AppIntent.swift in Sources */,
				1F92D3012C65FB5400550760 /* OnboardingCommonPageView.swift in Sources */,
				08416C072C63992400EABC2A /* Font+.swift in Sources */,
				08FE6DE92C5D1D1E00A2E52B /* SelectionRectangle.swift in Sources */,
				1FF46DE92C59DDE700FE3D90 /* DyanmicIslandBundle.swift in Sources */,
				1FD39F382C59E53D005067DF /* GaugeView.swift in Sources */,
				1F92D3002C65FB4500550760 /* AppOnboardingView.swift in Sources */,
				1F857FBC2C59E4810043F012 /* NoiseMeter.swift in Sources */,
				1F92D3032C65FB5900550760 /* OnboardingLastPageView.swift in Sources */,
				1F44B1262C63D3C7006B06BC /* InfoSheetView.swift in Sources */,
				1FF46DEB2C59DDE700FE3D90 /* DyanmicIslandLiveActivity.swift in Sources */,
			);
			runOnlyForDeploymentPostprocessing = 0;
		};
/* End PBXSourcesBuildPhase section */

/* Begin PBXTargetDependency section */
		1FF46DF42C59DDE800FE3D90 /* PBXTargetDependency */ = {
			isa = PBXTargetDependency;
			target = 1FF46DE02C59DDE700FE3D90 /* DyanmicIslandExtension */;
			targetProxy = 1FF46DF32C59DDE800FE3D90 /* PBXContainerItemProxy */;
		};
/* End PBXTargetDependency section */

/* Begin XCBuildConfiguration section */
		08C737E92C51ED3400FA93A4 /* Debug */ = {
			isa = XCBuildConfiguration;
			buildSettings = {
				ALWAYS_SEARCH_USER_PATHS = NO;
				ASSETCATALOG_COMPILER_GENERATE_SWIFT_ASSET_SYMBOL_EXTENSIONS = YES;
				CLANG_ANALYZER_NONNULL = YES;
				CLANG_ANALYZER_NUMBER_OBJECT_CONVERSION = YES_AGGRESSIVE;
				CLANG_CXX_LANGUAGE_STANDARD = "gnu++20";
				CLANG_ENABLE_MODULES = YES;
				CLANG_ENABLE_OBJC_ARC = YES;
				CLANG_ENABLE_OBJC_WEAK = YES;
				CLANG_WARN_BLOCK_CAPTURE_AUTORELEASING = YES;
				CLANG_WARN_BOOL_CONVERSION = YES;
				CLANG_WARN_COMMA = YES;
				CLANG_WARN_CONSTANT_CONVERSION = YES;
				CLANG_WARN_DEPRECATED_OBJC_IMPLEMENTATIONS = YES;
				CLANG_WARN_DIRECT_OBJC_ISA_USAGE = YES_ERROR;
				CLANG_WARN_DOCUMENTATION_COMMENTS = YES;
				CLANG_WARN_EMPTY_BODY = YES;
				CLANG_WARN_ENUM_CONVERSION = YES;
				CLANG_WARN_INFINITE_RECURSION = YES;
				CLANG_WARN_INT_CONVERSION = YES;
				CLANG_WARN_NON_LITERAL_NULL_CONVERSION = YES;
				CLANG_WARN_OBJC_IMPLICIT_RETAIN_SELF = YES;
				CLANG_WARN_OBJC_LITERAL_CONVERSION = YES;
				CLANG_WARN_OBJC_ROOT_CLASS = YES_ERROR;
				CLANG_WARN_QUOTED_INCLUDE_IN_FRAMEWORK_HEADER = YES;
				CLANG_WARN_RANGE_LOOP_ANALYSIS = YES;
				CLANG_WARN_STRICT_PROTOTYPES = YES;
				CLANG_WARN_SUSPICIOUS_MOVE = YES;
				CLANG_WARN_UNGUARDED_AVAILABILITY = YES_AGGRESSIVE;
				CLANG_WARN_UNREACHABLE_CODE = YES;
				CLANG_WARN__DUPLICATE_METHOD_MATCH = YES;
				COPY_PHASE_STRIP = NO;
				DEBUG_INFORMATION_FORMAT = dwarf;
				ENABLE_STRICT_OBJC_MSGSEND = YES;
				ENABLE_TESTABILITY = YES;
				ENABLE_USER_SCRIPT_SANDBOXING = YES;
				GCC_C_LANGUAGE_STANDARD = gnu17;
				GCC_DYNAMIC_NO_PIC = NO;
				GCC_NO_COMMON_BLOCKS = YES;
				GCC_OPTIMIZATION_LEVEL = 0;
				GCC_PREPROCESSOR_DEFINITIONS = (
					"DEBUG=1",
					"$(inherited)",
				);
				GCC_WARN_64_TO_32_BIT_CONVERSION = YES;
				GCC_WARN_ABOUT_RETURN_TYPE = YES_ERROR;
				GCC_WARN_UNDECLARED_SELECTOR = YES;
				GCC_WARN_UNINITIALIZED_AUTOS = YES_AGGRESSIVE;
				GCC_WARN_UNUSED_FUNCTION = YES;
				GCC_WARN_UNUSED_VARIABLE = YES;
				IPHONEOS_DEPLOYMENT_TARGET = 17.5;
				LOCALIZATION_PREFERS_STRING_CATALOGS = YES;
				MTL_ENABLE_DEBUG_INFO = INCLUDE_SOURCE;
				MTL_FAST_MATH = YES;
				ONLY_ACTIVE_ARCH = YES;
				SDKROOT = iphoneos;
				SWIFT_ACTIVE_COMPILATION_CONDITIONS = "DEBUG $(inherited)";
				SWIFT_OPTIMIZATION_LEVEL = "-Onone";
			};
			name = Debug;
		};
		08C737EA2C51ED3400FA93A4 /* Release */ = {
			isa = XCBuildConfiguration;
			buildSettings = {
				ALWAYS_SEARCH_USER_PATHS = NO;
				ASSETCATALOG_COMPILER_GENERATE_SWIFT_ASSET_SYMBOL_EXTENSIONS = YES;
				CLANG_ANALYZER_NONNULL = YES;
				CLANG_ANALYZER_NUMBER_OBJECT_CONVERSION = YES_AGGRESSIVE;
				CLANG_CXX_LANGUAGE_STANDARD = "gnu++20";
				CLANG_ENABLE_MODULES = YES;
				CLANG_ENABLE_OBJC_ARC = YES;
				CLANG_ENABLE_OBJC_WEAK = YES;
				CLANG_WARN_BLOCK_CAPTURE_AUTORELEASING = YES;
				CLANG_WARN_BOOL_CONVERSION = YES;
				CLANG_WARN_COMMA = YES;
				CLANG_WARN_CONSTANT_CONVERSION = YES;
				CLANG_WARN_DEPRECATED_OBJC_IMPLEMENTATIONS = YES;
				CLANG_WARN_DIRECT_OBJC_ISA_USAGE = YES_ERROR;
				CLANG_WARN_DOCUMENTATION_COMMENTS = YES;
				CLANG_WARN_EMPTY_BODY = YES;
				CLANG_WARN_ENUM_CONVERSION = YES;
				CLANG_WARN_INFINITE_RECURSION = YES;
				CLANG_WARN_INT_CONVERSION = YES;
				CLANG_WARN_NON_LITERAL_NULL_CONVERSION = YES;
				CLANG_WARN_OBJC_IMPLICIT_RETAIN_SELF = YES;
				CLANG_WARN_OBJC_LITERAL_CONVERSION = YES;
				CLANG_WARN_OBJC_ROOT_CLASS = YES_ERROR;
				CLANG_WARN_QUOTED_INCLUDE_IN_FRAMEWORK_HEADER = YES;
				CLANG_WARN_RANGE_LOOP_ANALYSIS = YES;
				CLANG_WARN_STRICT_PROTOTYPES = YES;
				CLANG_WARN_SUSPICIOUS_MOVE = YES;
				CLANG_WARN_UNGUARDED_AVAILABILITY = YES_AGGRESSIVE;
				CLANG_WARN_UNREACHABLE_CODE = YES;
				CLANG_WARN__DUPLICATE_METHOD_MATCH = YES;
				COPY_PHASE_STRIP = NO;
				DEBUG_INFORMATION_FORMAT = "dwarf-with-dsym";
				ENABLE_NS_ASSERTIONS = NO;
				ENABLE_STRICT_OBJC_MSGSEND = YES;
				ENABLE_USER_SCRIPT_SANDBOXING = YES;
				GCC_C_LANGUAGE_STANDARD = gnu17;
				GCC_NO_COMMON_BLOCKS = YES;
				GCC_WARN_64_TO_32_BIT_CONVERSION = YES;
				GCC_WARN_ABOUT_RETURN_TYPE = YES_ERROR;
				GCC_WARN_UNDECLARED_SELECTOR = YES;
				GCC_WARN_UNINITIALIZED_AUTOS = YES_AGGRESSIVE;
				GCC_WARN_UNUSED_FUNCTION = YES;
				GCC_WARN_UNUSED_VARIABLE = YES;
				IPHONEOS_DEPLOYMENT_TARGET = 17.5;
				LOCALIZATION_PREFERS_STRING_CATALOGS = YES;
				MTL_ENABLE_DEBUG_INFO = NO;
				MTL_FAST_MATH = YES;
				SDKROOT = iphoneos;
				SWIFT_COMPILATION_MODE = wholemodule;
				VALIDATE_PRODUCT = YES;
			};
			name = Release;
		};
		08C737EC2C51ED3400FA93A4 /* Debug */ = {
			isa = XCBuildConfiguration;
			buildSettings = {
				ASSETCATALOG_COMPILER_APPICON_NAME = AppIcon;
				ASSETCATALOG_COMPILER_GLOBAL_ACCENT_COLOR_NAME = AccentColor;
				CODE_SIGN_IDENTITY = "Apple Development";
				"CODE_SIGN_IDENTITY[sdk=iphoneos*]" = "iPhone Developer";
				CODE_SIGN_STYLE = Manual;
				CURRENT_PROJECT_VERSION = 1;
				DEVELOPMENT_ASSET_PATHS = "\"Alright/Preview Content\"";
				DEVELOPMENT_TEAM = 2Q4V2LFG28;
				"DEVELOPMENT_TEAM[sdk=iphoneos*]" = MQR4AUJW5C;
				ENABLE_PREVIEWS = YES;
				GENERATE_INFOPLIST_FILE = YES;
				INFOPLIST_FILE = Alright/Info.plist;
				INFOPLIST_KEY_CFBundleDisplayName = "올라잇";
				INFOPLIST_KEY_LSApplicationCategoryType = "public.app-category.utilities";
				INFOPLIST_KEY_NSMicrophoneUsageDescription = "사용자의 목소리 크기를 인식하기 위해 마이크 사용권한이 필요합니다.";
				INFOPLIST_KEY_NSSupportsLiveActivities = YES;
				INFOPLIST_KEY_UIApplicationSceneManifest_Generation = YES;
				INFOPLIST_KEY_UIApplicationSupportsIndirectInputEvents = YES;
				INFOPLIST_KEY_UILaunchScreen_Generation = YES;
				INFOPLIST_KEY_UISupportedInterfaceOrientations_iPad = "UIInterfaceOrientationPortrait UIInterfaceOrientationPortraitUpsideDown UIInterfaceOrientationLandscapeLeft UIInterfaceOrientationLandscapeRight";
				INFOPLIST_KEY_UISupportedInterfaceOrientations_iPhone = "UIInterfaceOrientationPortrait UIInterfaceOrientationLandscapeLeft UIInterfaceOrientationLandscapeRight";
				INFOPLIST_KEY_UIUserInterfaceStyle = Light;
				IPHONEOS_DEPLOYMENT_TARGET = 17.5;
				LD_RUNPATH_SEARCH_PATHS = (
					"$(inherited)",
					"@executable_path/Frameworks",
				);
				MARKETING_VERSION = 1.0;
				PRODUCT_BUNDLE_IDENTIFIER = com.xerath.Alright;
				PRODUCT_NAME = "$(TARGET_NAME)";
				PROVISIONING_PROFILE_SPECIFIER = "";
				"PROVISIONING_PROFILE_SPECIFIER[sdk=iphoneos*]" = Alright_DEV;
				SUPPORTED_PLATFORMS = "iphoneos iphonesimulator";
				SUPPORTS_MACCATALYST = NO;
				SUPPORTS_MAC_DESIGNED_FOR_IPHONE_IPAD = NO;
				SUPPORTS_XR_DESIGNED_FOR_IPHONE_IPAD = NO;
				SWIFT_EMIT_LOC_STRINGS = YES;
				SWIFT_VERSION = 5.0;
				TARGETED_DEVICE_FAMILY = 1;
			};
			name = Debug;
		};
		08C737ED2C51ED3400FA93A4 /* Release */ = {
			isa = XCBuildConfiguration;
			buildSettings = {
				ASSETCATALOG_COMPILER_APPICON_NAME = AppIcon;
				ASSETCATALOG_COMPILER_GLOBAL_ACCENT_COLOR_NAME = AccentColor;
				CODE_SIGN_IDENTITY = "Apple Development";
				"CODE_SIGN_IDENTITY[sdk=iphoneos*]" = "iPhone Developer";
				CODE_SIGN_STYLE = Manual;
				CURRENT_PROJECT_VERSION = 1;
				DEVELOPMENT_ASSET_PATHS = "\"Alright/Preview Content\"";
				DEVELOPMENT_TEAM = 2Q4V2LFG28;
				"DEVELOPMENT_TEAM[sdk=iphoneos*]" = MQR4AUJW5C;
				ENABLE_PREVIEWS = YES;
				GENERATE_INFOPLIST_FILE = YES;
				INFOPLIST_FILE = Alright/Info.plist;
				INFOPLIST_KEY_CFBundleDisplayName = "올라잇";
				INFOPLIST_KEY_LSApplicationCategoryType = "public.app-category.utilities";
				INFOPLIST_KEY_NSMicrophoneUsageDescription = "사용자의 목소리 크기를 인식하기 위해 마이크 사용권한이 필요합니다.";
				INFOPLIST_KEY_NSSupportsLiveActivities = YES;
				INFOPLIST_KEY_UIApplicationSceneManifest_Generation = YES;
				INFOPLIST_KEY_UIApplicationSupportsIndirectInputEvents = YES;
				INFOPLIST_KEY_UILaunchScreen_Generation = YES;
				INFOPLIST_KEY_UISupportedInterfaceOrientations_iPad = "UIInterfaceOrientationPortrait UIInterfaceOrientationPortraitUpsideDown UIInterfaceOrientationLandscapeLeft UIInterfaceOrientationLandscapeRight";
				INFOPLIST_KEY_UISupportedInterfaceOrientations_iPhone = "UIInterfaceOrientationPortrait UIInterfaceOrientationLandscapeLeft UIInterfaceOrientationLandscapeRight";
				INFOPLIST_KEY_UIUserInterfaceStyle = Light;
				IPHONEOS_DEPLOYMENT_TARGET = 17.5;
				LD_RUNPATH_SEARCH_PATHS = (
					"$(inherited)",
					"@executable_path/Frameworks",
				);
				MARKETING_VERSION = 1.0;
				PRODUCT_BUNDLE_IDENTIFIER = com.xerath.Alright;
				PRODUCT_NAME = "$(TARGET_NAME)";
				PROVISIONING_PROFILE_SPECIFIER = "";
				"PROVISIONING_PROFILE_SPECIFIER[sdk=iphoneos*]" = Alright_DEV;
				SUPPORTED_PLATFORMS = "iphoneos iphonesimulator";
				SUPPORTS_MACCATALYST = NO;
				SUPPORTS_MAC_DESIGNED_FOR_IPHONE_IPAD = NO;
				SUPPORTS_XR_DESIGNED_FOR_IPHONE_IPAD = NO;
				SWIFT_EMIT_LOC_STRINGS = YES;
				SWIFT_VERSION = 5.0;
				TARGETED_DEVICE_FAMILY = 1;
			};
			name = Release;
		};
		1FF46DF72C59DDE800FE3D90 /* Debug */ = {
			isa = XCBuildConfiguration;
			buildSettings = {
				ASSETCATALOG_COMPILER_GLOBAL_ACCENT_COLOR_NAME = AccentColor;
				ASSETCATALOG_COMPILER_WIDGET_BACKGROUND_COLOR_NAME = WidgetBackground;
				CODE_SIGN_IDENTITY = "Apple Development";
				"CODE_SIGN_IDENTITY[sdk=iphoneos*]" = "iPhone Developer";
				CODE_SIGN_STYLE = Manual;
				CURRENT_PROJECT_VERSION = 1;
				DEVELOPMENT_TEAM = "";
				"DEVELOPMENT_TEAM[sdk=iphoneos*]" = MQR4AUJW5C;
				GENERATE_INFOPLIST_FILE = YES;
				INFOPLIST_FILE = DyanmicIsland/Info.plist;
				INFOPLIST_KEY_CFBundleDisplayName = DyanmicIsland;
				INFOPLIST_KEY_NSHumanReadableCopyright = "";
				IPHONEOS_DEPLOYMENT_TARGET = 17.5;
				LD_RUNPATH_SEARCH_PATHS = (
					"$(inherited)",
					"@executable_path/Frameworks",
					"@executable_path/../../Frameworks",
				);
				MARKETING_VERSION = 1.0;
				PRODUCT_BUNDLE_IDENTIFIER = com.xerath.Alright.DyanmicIsland;
				PRODUCT_NAME = "$(TARGET_NAME)";
				PROVISIONING_PROFILE_SPECIFIER = "";
				"PROVISIONING_PROFILE_SPECIFIER[sdk=iphoneos*]" = AlrightDynamic_DEV;
				SKIP_INSTALL = YES;
				SWIFT_EMIT_LOC_STRINGS = YES;
				SWIFT_VERSION = 5.0;
				TARGETED_DEVICE_FAMILY = "1,2";
			};
			name = Debug;
		};
		1FF46DF82C59DDE800FE3D90 /* Release */ = {
			isa = XCBuildConfiguration;
			buildSettings = {
				ASSETCATALOG_COMPILER_GLOBAL_ACCENT_COLOR_NAME = AccentColor;
				ASSETCATALOG_COMPILER_WIDGET_BACKGROUND_COLOR_NAME = WidgetBackground;
				CODE_SIGN_IDENTITY = "Apple Development";
				"CODE_SIGN_IDENTITY[sdk=iphoneos*]" = "iPhone Developer";
				CODE_SIGN_STYLE = Manual;
				CURRENT_PROJECT_VERSION = 1;
				DEVELOPMENT_TEAM = "";
				"DEVELOPMENT_TEAM[sdk=iphoneos*]" = MQR4AUJW5C;
				GENERATE_INFOPLIST_FILE = YES;
				INFOPLIST_FILE = DyanmicIsland/Info.plist;
				INFOPLIST_KEY_CFBundleDisplayName = DyanmicIsland;
				INFOPLIST_KEY_NSHumanReadableCopyright = "";
				IPHONEOS_DEPLOYMENT_TARGET = 17.5;
				LD_RUNPATH_SEARCH_PATHS = (
					"$(inherited)",
					"@executable_path/Frameworks",
					"@executable_path/../../Frameworks",
				);
				MARKETING_VERSION = 1.0;
				PRODUCT_BUNDLE_IDENTIFIER = com.xerath.Alright.DyanmicIsland;
				PRODUCT_NAME = "$(TARGET_NAME)";
				PROVISIONING_PROFILE_SPECIFIER = "";
				"PROVISIONING_PROFILE_SPECIFIER[sdk=iphoneos*]" = AlrightDynamic_DEV;
				SKIP_INSTALL = YES;
				SWIFT_EMIT_LOC_STRINGS = YES;
				SWIFT_VERSION = 5.0;
				TARGETED_DEVICE_FAMILY = "1,2";
			};
			name = Release;
		};
/* End XCBuildConfiguration section */

/* Begin XCConfigurationList section */
		08C737D82C51ED3000FA93A4 /* Build configuration list for PBXProject "Alright" */ = {
			isa = XCConfigurationList;
			buildConfigurations = (
				08C737E92C51ED3400FA93A4 /* Debug */,
				08C737EA2C51ED3400FA93A4 /* Release */,
			);
			defaultConfigurationIsVisible = 0;
			defaultConfigurationName = Release;
		};
		08C737EB2C51ED3400FA93A4 /* Build configuration list for PBXNativeTarget "Alright" */ = {
			isa = XCConfigurationList;
			buildConfigurations = (
				08C737EC2C51ED3400FA93A4 /* Debug */,
				08C737ED2C51ED3400FA93A4 /* Release */,
			);
			defaultConfigurationIsVisible = 0;
			defaultConfigurationName = Release;
		};
		1FF46DF92C59DDE800FE3D90 /* Build configuration list for PBXNativeTarget "DyanmicIslandExtension" */ = {
			isa = XCConfigurationList;
			buildConfigurations = (
				1FF46DF72C59DDE800FE3D90 /* Debug */,
				1FF46DF82C59DDE800FE3D90 /* Release */,
			);
			defaultConfigurationIsVisible = 0;
			defaultConfigurationName = Release;
		};
/* End XCConfigurationList section */

/* Begin XCRemoteSwiftPackageReference section */
		08332F712C62B25A00F3D57A /* XCRemoteSwiftPackageReference "dotlottie-ios" */ = {
			isa = XCRemoteSwiftPackageReference;
			repositoryURL = "https://github.com/LottieFiles/dotlottie-ios";
			requirement = {
				branch = main;
				kind = branch;
			};
		};
/* End XCRemoteSwiftPackageReference section */

/* Begin XCSwiftPackageProductDependency section */
		08332F722C62B2D100F3D57A /* DotLottie */ = {
			isa = XCSwiftPackageProductDependency;
			package = 08332F712C62B25A00F3D57A /* XCRemoteSwiftPackageReference "dotlottie-ios" */;
			productName = DotLottie;
		};
/* End XCSwiftPackageProductDependency section */
	};
	rootObject = 08C737D52C51ED3000FA93A4 /* Project object */;
}
